
Microsoft Visual Studio Solution File, Format Version 12.00
# Visual Studio 15
VisualStudioVersion = 15.0.28307.1022
MinimumVisualStudioVersion = 10.0.40219.1
Project("{FAE04EC0-301F-11D3-BF4B-00C04F79EFBC}") = "SortingSystem", "SortingSystem\SortingSystem.csproj", "{FA13A264-85AE-4D08-AAD0-086FF59B52F4}"
EndProject
Global
	GlobalSection(SolutionConfigurationPlatforms) = preSolution
		Debug|Any CPU = Debug|Any CPU
		Release|Any CPU = Release|Any CPU
	EndGlobalSection
	GlobalSection(ProjectConfigurationPlatforms) = postSolution
		{FA13A264-85AE-4D08-AAD0-086FF59B52F4}.Debug|Any CPU.ActiveCfg = Debug|Any CPU
		{FA13A264-85AE-4D08-AAD0-086FF59B52F4}.Debug|Any CPU.Build.0 = Debug|Any CPU
		{FA13A264-85AE-4D08-AAD0-086FF59B52F4}.Release|Any CPU.ActiveCfg = Release|Any CPU
		{FA13A264-85AE-4D08-AAD0-086FF59B52F4}.Release|Any CPU.Build.0 = Release|Any CPU
	EndGlobalSection
	GlobalSection(SolutionProperties) = preSolution
		HideSolutionNode = FALSE
	EndGlobalSection
	GlobalSection(ExtensibilityGlobals) = postSolution
		SolutionGuid = {38007A84-6688-4E47-9B4C-B3ECA331E89B}
	EndGlobalSection
EndGlobal
